// !$*UTF8*$!
{
	archiveVersion = 1;
	classes = {
	};
	objectVersion = 46;
	objects = {

/* Begin PBXBuildFile section */
		007B32B91942408B001C27E2 /* ReposViewController.swift in Sources */ = {isa = PBXBuildFile; fileRef = 007B32B81942408B001C27E2 /* ReposViewController.swift */; };
		A22C29101940EB8700601226 /* AppDelegate.swift in Sources */ = {isa = PBXBuildFile; fileRef = A22C290F1940EB8700601226 /* AppDelegate.swift */; };
		A22C29121940EB8700601226 /* ViewController.swift in Sources */ = {isa = PBXBuildFile; fileRef = A22C29111940EB8700601226 /* ViewController.swift */; };
		A22C29151940EB8700601226 /* Main.storyboard in Resources */ = {isa = PBXBuildFile; fileRef = A22C29131940EB8700601226 /* Main.storyboard */; };
		A22C29171940EB8700601226 /* Images.xcassets in Resources */ = {isa = PBXBuildFile; fileRef = A22C29161940EB8700601226 /* Images.xcassets */; };
		A22C29231940EB8700601226 /* Swift_GithubToGoTests.swift in Sources */ = {isa = PBXBuildFile; fileRef = A22C29221940EB8700601226 /* Swift_GithubToGoTests.swift */; };
		A22C292D1940ED0F00601226 /* NetworkController.swift in Sources */ = {isa = PBXBuildFile; fileRef = A22C292C1940ED0F00601226 /* NetworkController.swift */; };
		A2D54A70194227C20091B924 /* Repo.swift in Sources */ = {isa = PBXBuildFile; fileRef = A2D54A6F194227C20091B924 /* Repo.swift */; };
		A2D54A721944DD840091B924 /* User.swift in Sources */ = {isa = PBXBuildFile; fileRef = A2D54A711944DD840091B924 /* User.swift */; };
		A2D7A5541945100500AB8512 /* UserSearchViewController.swift in Sources */ = {isa = PBXBuildFile; fileRef = A2D7A5531945100500AB8512 /* UserSearchViewController.swift */; };
		A2D7A556194512D100AB8512 /* RepoSearchViewController.swift in Sources */ = {isa = PBXBuildFile; fileRef = A2D7A555194512D100AB8512 /* RepoSearchViewController.swift */; };
		A2D7A558194525D900AB8512 /* UserCVCell.swift in Sources */ = {isa = PBXBuildFile; fileRef = A2D7A557194525D900AB8512 /* UserCVCell.swift */; };
		A2F723F119456DBF00F9C68B /* RepoSearchTVCell.swift in Sources */ = {isa = PBXBuildFile; fileRef = A2F723F019456DBF00F9C68B /* RepoSearchTVCell.swift */; };
		D6B2EE0A19425081005606E7 /* GitHub-Mark_White.png in Resources */ = {isa = PBXBuildFile; fileRef = D6B2EE0919425081005606E7 /* GitHub-Mark_White.png */; };
		D6B2EE0C194254A0005606E7 /* SearchViewController.swift in Sources */ = {isa = PBXBuildFile; fileRef = D6B2EE0B194254A0005606E7 /* SearchViewController.swift */; };
/* End PBXBuildFile section */

/* Begin PBXContainerItemProxy section */
		A22C291D1940EB8700601226 /* PBXContainerItemProxy */ = {
			isa = PBXContainerItemProxy;
			containerPortal = A22C29021940EB8700601226 /* Project object */;
			proxyType = 1;
			remoteGlobalIDString = A22C29091940EB8700601226;
			remoteInfo = "Swift-GithubToGo";
		};
/* End PBXContainerItemProxy section */

/* Begin PBXFileReference section */
		007B32B81942408B001C27E2 /* ReposViewController.swift */ = {isa = PBXFileReference; fileEncoding = 4; lastKnownFileType = sourcecode.swift; path = ReposViewController.swift; sourceTree = "<group>"; };
		A22C290A1940EB8700601226 /* Swift-GithubToGo.app */ = {isa = PBXFileReference; explicitFileType = wrapper.application; includeInIndex = 0; path = "Swift-GithubToGo.app"; sourceTree = BUILT_PRODUCTS_DIR; };
		A22C290E1940EB8700601226 /* Info.plist */ = {isa = PBXFileReference; lastKnownFileType = text.plist.xml; path = Info.plist; sourceTree = "<group>"; };
		A22C290F1940EB8700601226 /* AppDelegate.swift */ = {isa = PBXFileReference; lastKnownFileType = sourcecode.swift; path = AppDelegate.swift; sourceTree = "<group>"; };
		A22C29111940EB8700601226 /* ViewController.swift */ = {isa = PBXFileReference; lastKnownFileType = sourcecode.swift; path = ViewController.swift; sourceTree = "<group>"; };
		A22C29141940EB8700601226 /* Base */ = {isa = PBXFileReference; lastKnownFileType = file.storyboard; name = Base; path = Base.lproj/Main.storyboard; sourceTree = "<group>"; };
		A22C29161940EB8700601226 /* Images.xcassets */ = {isa = PBXFileReference; lastKnownFileType = folder.assetcatalog; path = Images.xcassets; sourceTree = "<group>"; };
		A22C291C1940EB8700601226 /* Swift-GithubToGoTests.xctest */ = {isa = PBXFileReference; explicitFileType = wrapper.cfbundle; includeInIndex = 0; path = "Swift-GithubToGoTests.xctest"; sourceTree = BUILT_PRODUCTS_DIR; };
		A22C29211940EB8700601226 /* Info.plist */ = {isa = PBXFileReference; lastKnownFileType = text.plist.xml; path = Info.plist; sourceTree = "<group>"; };
		A22C29221940EB8700601226 /* Swift_GithubToGoTests.swift */ = {isa = PBXFileReference; lastKnownFileType = sourcecode.swift; path = Swift_GithubToGoTests.swift; sourceTree = "<group>"; };
		A22C292C1940ED0F00601226 /* NetworkController.swift */ = {isa = PBXFileReference; fileEncoding = 4; lastKnownFileType = sourcecode.swift; path = NetworkController.swift; sourceTree = "<group>"; };
		A2D54A6F194227C20091B924 /* Repo.swift */ = {isa = PBXFileReference; fileEncoding = 4; lastKnownFileType = sourcecode.swift; path = Repo.swift; sourceTree = "<group>"; };
		A2D54A711944DD840091B924 /* User.swift */ = {isa = PBXFileReference; fileEncoding = 4; lastKnownFileType = sourcecode.swift; path = User.swift; sourceTree = "<group>"; };
		A2D7A5531945100500AB8512 /* UserSearchViewController.swift */ = {isa = PBXFileReference; fileEncoding = 4; lastKnownFileType = sourcecode.swift; path = UserSearchViewController.swift; sourceTree = "<group>"; };
		A2D7A555194512D100AB8512 /* RepoSearchViewController.swift */ = {isa = PBXFileReference; fileEncoding = 4; lastKnownFileType = sourcecode.swift; path = RepoSearchViewController.swift; sourceTree = "<group>"; };
		A2D7A557194525D900AB8512 /* UserCVCell.swift */ = {isa = PBXFileReference; fileEncoding = 4; lastKnownFileType = sourcecode.swift; path = UserCVCell.swift; sourceTree = "<group>"; };
		A2F723F019456DBF00F9C68B /* RepoSearchTVCell.swift */ = {isa = PBXFileReference; fileEncoding = 4; lastKnownFileType = sourcecode.swift; path = RepoSearchTVCell.swift; sourceTree = "<group>"; };
		D6B2EE0919425081005606E7 /* GitHub-Mark_White.png */ = {isa = PBXFileReference; lastKnownFileType = image.png; path = "GitHub-Mark_White.png"; sourceTree = "<group>"; };
		D6B2EE0B194254A0005606E7 /* SearchViewController.swift */ = {isa = PBXFileReference; fileEncoding = 4; lastKnownFileType = sourcecode.swift; path = SearchViewController.swift; sourceTree = "<group>"; };
/* End PBXFileReference section */

/* Begin PBXFrameworksBuildPhase section */
		A22C29071940EB8700601226 /* Frameworks */ = {
			isa = PBXFrameworksBuildPhase;
			buildActionMask = 2147483647;
			files = (
			);
			runOnlyForDeploymentPostprocessing = 0;
		};
		A22C29191940EB8700601226 /* Frameworks */ = {
			isa = PBXFrameworksBuildPhase;
			buildActionMask = 2147483647;
			files = (
			);
			runOnlyForDeploymentPostprocessing = 0;
		};
/* End PBXFrameworksBuildPhase section */

/* Begin PBXGroup section */
		A22C29011940EB8700601226 = {
			isa = PBXGroup;
			children = (
				A22C290C1940EB8700601226 /* Swift-GithubToGo */,
				A22C291F1940EB8700601226 /* Swift-GithubToGoTests */,
				A22C290B1940EB8700601226 /* Products */,
			);
			sourceTree = "<group>";
		};
		A22C290B1940EB8700601226 /* Products */ = {
			isa = PBXGroup;
			children = (
				A22C290A1940EB8700601226 /* Swift-GithubToGo.app */,
				A22C291C1940EB8700601226 /* Swift-GithubToGoTests.xctest */,
			);
			name = Products;
			sourceTree = "<group>";
		};
		A22C290C1940EB8700601226 /* Swift-GithubToGo */ = {
			isa = PBXGroup;
			children = (
				A22C290F1940EB8700601226 /* AppDelegate.swift */,
				A22C29111940EB8700601226 /* ViewController.swift */,
				007B32B81942408B001C27E2 /* ReposViewController.swift */,
				A22C292C1940ED0F00601226 /* NetworkController.swift */,
				A22C29131940EB8700601226 /* Main.storyboard */,
				A2F723F019456DBF00F9C68B /* RepoSearchTVCell.swift */,
				A2D7A557194525D900AB8512 /* UserCVCell.swift */,
				D6B2EE0B194254A0005606E7 /* SearchViewController.swift */,
				A2D7A555194512D100AB8512 /* RepoSearchViewController.swift */,
				A2D7A5531945100500AB8512 /* UserSearchViewController.swift */,
				A2D54A6F194227C20091B924 /* Repo.swift */,
				A2D54A711944DD840091B924 /* User.swift */,
				A22C29161940EB8700601226 /* Images.xcassets */,
				A22C290D1940EB8700601226 /* Supporting Files */,
			);
			path = "Swift-GithubToGo";
			sourceTree = "<group>";
		};
		A22C290D1940EB8700601226 /* Supporting Files */ = {
			isa = PBXGroup;
			children = (
				D6B2EE0919425081005606E7 /* GitHub-Mark_White.png */,
				A22C290E1940EB8700601226 /* Info.plist */,
			);
			name = "Supporting Files";
			sourceTree = "<group>";
		};
		A22C291F1940EB8700601226 /* Swift-GithubToGoTests */ = {
			isa = PBXGroup;
			children = (
				A22C29221940EB8700601226 /* Swift_GithubToGoTests.swift */,
				A22C29201940EB8700601226 /* Supporting Files */,
			);
			path = "Swift-GithubToGoTests";
			sourceTree = "<group>";
		};
		A22C29201940EB8700601226 /* Supporting Files */ = {
			isa = PBXGroup;
			children = (
				A22C29211940EB8700601226 /* Info.plist */,
			);
			name = "Supporting Files";
			sourceTree = "<group>";
		};
/* End PBXGroup section */

/* Begin PBXNativeTarget section */
		A22C29091940EB8700601226 /* Swift-GithubToGo */ = {
			isa = PBXNativeTarget;
			buildConfigurationList = A22C29261940EB8700601226 /* Build configuration list for PBXNativeTarget "Swift-GithubToGo" */;
			buildPhases = (
				A22C29061940EB8700601226 /* Sources */,
				A22C29071940EB8700601226 /* Frameworks */,
				A22C29081940EB8700601226 /* Resources */,
			);
			buildRules = (
			);
			dependencies = (
			);
			name = "Swift-GithubToGo";
			productName = "Swift-GithubToGo";
			productReference = A22C290A1940EB8700601226 /* Swift-GithubToGo.app */;
			productType = "com.apple.product-type.application";
		};
		A22C291B1940EB8700601226 /* Swift-GithubToGoTests */ = {
			isa = PBXNativeTarget;
			buildConfigurationList = A22C29291940EB8700601226 /* Build configuration list for PBXNativeTarget "Swift-GithubToGoTests" */;
			buildPhases = (
				A22C29181940EB8700601226 /* Sources */,
				A22C29191940EB8700601226 /* Frameworks */,
				A22C291A1940EB8700601226 /* Resources */,
			);
			buildRules = (
			);
			dependencies = (
				A22C291E1940EB8700601226 /* PBXTargetDependency */,
			);
			name = "Swift-GithubToGoTests";
			productName = "Swift-GithubToGoTests";
			productReference = A22C291C1940EB8700601226 /* Swift-GithubToGoTests.xctest */;
			productType = "com.apple.product-type.bundle.unit-test";
		};
/* End PBXNativeTarget section */

/* Begin PBXProject section */
		A22C29021940EB8700601226 /* Project object */ = {
			isa = PBXProject;
			attributes = {
				LastUpgradeCheck = 0600;
				ORGANIZATIONNAME = "Bradley Johnson";
				TargetAttributes = {
					A22C29091940EB8700601226 = {
						CreatedOnToolsVersion = 6.0;
					};
					A22C291B1940EB8700601226 = {
						CreatedOnToolsVersion = 6.0;
						TestTargetID = A22C29091940EB8700601226;
					};
				};
			};
			buildConfigurationList = A22C29051940EB8700601226 /* Build configuration list for PBXProject "Swift-GithubToGo" */;
			compatibilityVersion = "Xcode 3.2";
			developmentRegion = English;
			hasScannedForEncodings = 0;
			knownRegions = (
				en,
				Base,
			);
			mainGroup = A22C29011940EB8700601226;
			productRefGroup = A22C290B1940EB8700601226 /* Products */;
			projectDirPath = "";
			projectRoot = "";
			targets = (
				A22C29091940EB8700601226 /* Swift-GithubToGo */,
				A22C291B1940EB8700601226 /* Swift-GithubToGoTests */,
			);
		};
/* End PBXProject section */

/* Begin PBXResourcesBuildPhase section */
		A22C29081940EB8700601226 /* Resources */ = {
			isa = PBXResourcesBuildPhase;
			buildActionMask = 2147483647;
			files = (
				A22C29151940EB8700601226 /* Main.storyboard in Resources */,
				A22C29171940EB8700601226 /* Images.xcassets in Resources */,
				D6B2EE0A19425081005606E7 /* GitHub-Mark_White.png in Resources */,
			);
			runOnlyForDeploymentPostprocessing = 0;
		};
		A22C291A1940EB8700601226 /* Resources */ = {
			isa = PBXResourcesBuildPhase;
			buildActionMask = 2147483647;
			files = (
			);
			runOnlyForDeploymentPostprocessing = 0;
		};
/* End PBXResourcesBuildPhase section */

/* Begin PBXSourcesBuildPhase section */
		A22C29061940EB8700601226 /* Sources */ = {
			isa = PBXSourcesBuildPhase;
			buildActionMask = 2147483647;
			files = (
				D6B2EE0C194254A0005606E7 /* SearchViewController.swift in Sources */,
				A22C29121940EB8700601226 /* ViewController.swift in Sources */,
				A22C29101940EB8700601226 /* AppDelegate.swift in Sources */,
				007B32B91942408B001C27E2 /* ReposViewController.swift in Sources */,
				A2D7A556194512D100AB8512 /* RepoSearchViewController.swift in Sources */,
				A22C292D1940ED0F00601226 /* NetworkController.swift in Sources */,
				A2D7A5541945100500AB8512 /* UserSearchViewController.swift in Sources */,
				A2D7A558194525D900AB8512 /* UserCVCell.swift in Sources */,
				A2D54A70194227C20091B924 /* Repo.swift in Sources */,
				A2D54A721944DD840091B924 /* User.swift in Sources */,
				A2F723F119456DBF00F9C68B /* RepoSearchTVCell.swift in Sources */,
			);
			runOnlyForDeploymentPostprocessing = 0;
		};
		A22C29181940EB8700601226 /* Sources */ = {
			isa = PBXSourcesBuildPhase;
			buildActionMask = 2147483647;
			files = (
				A22C29231940EB8700601226 /* Swift_GithubToGoTests.swift in Sources */,
			);
			runOnlyForDeploymentPostprocessing = 0;
		};
/* End PBXSourcesBuildPhase section */

/* Begin PBXTargetDependency section */
		A22C291E1940EB8700601226 /* PBXTargetDependency */ = {
			isa = PBXTargetDependency;
			target = A22C29091940EB8700601226 /* Swift-GithubToGo */;
			targetProxy = A22C291D1940EB8700601226 /* PBXContainerItemProxy */;
		};
/* End PBXTargetDependency section */

/* Begin PBXVariantGroup section */
		A22C29131940EB8700601226 /* Main.storyboard */ = {
			isa = PBXVariantGroup;
			children = (
				A22C29141940EB8700601226 /* Base */,
			);
			name = Main.storyboard;
			sourceTree = "<group>";
		};
/* End PBXVariantGroup section */

/* Begin XCBuildConfiguration section */
		A22C29241940EB8700601226 /* Debug */ = {
			isa = XCBuildConfiguration;
			buildSettings = {
				ALWAYS_SEARCH_USER_PATHS = NO;
				CLANG_CXX_LANGUAGE_STANDARD = "gnu++0x";
				CLANG_CXX_LIBRARY = "libc++";
				CLANG_ENABLE_MODULES = YES;
				CLANG_ENABLE_OBJC_ARC = YES;
				CLANG_WARN_BOOL_CONVERSION = YES;
				CLANG_WARN_CONSTANT_CONVERSION = YES;
				CLANG_WARN_DIRECT_OBJC_ISA_USAGE = YES_ERROR;
				CLANG_WARN_EMPTY_BODY = YES;
				CLANG_WARN_ENUM_CONVERSION = YES;
				CLANG_WARN_INT_CONVERSION = YES;
				CLANG_WARN_OBJC_ROOT_CLASS = YES_ERROR;
				CLANG_WARN_UNREACHABLE_CODE = YES;
				CLANG_WARN__DUPLICATE_METHOD_MATCH = YES;
				"CODE_SIGN_IDENTITY[sdk=iphoneos*]" = "iPhone Developer";
				COPY_PHASE_STRIP = NO;
				ENABLE_STRICT_OBJC_MSGSEND = YES;
				GCC_C_LANGUAGE_STANDARD = gnu99;
				GCC_DYNAMIC_NO_PIC = NO;
				GCC_OPTIMIZATION_LEVEL = 0;
				GCC_PREPROCESSOR_DEFINITIONS = (
					"DEBUG=1",
					"$(inherited)",
				);
				GCC_SYMBOLS_PRIVATE_EXTERN = NO;
				GCC_WARN_64_TO_32_BIT_CONVERSION = YES;
				GCC_WARN_ABOUT_RETURN_TYPE = YES_ERROR;
				GCC_WARN_UNDECLARED_SELECTOR = YES;
				GCC_WARN_UNINITIALIZED_AUTOS = YES_AGGRESSIVE;
				GCC_WARN_UNUSED_FUNCTION = YES;
				GCC_WARN_UNUSED_VARIABLE = YES;
				IPHONEOS_DEPLOYMENT_TARGET = 8.0;
				METAL_ENABLE_DEBUG_INFO = YES;
				ONLY_ACTIVE_ARCH = YES;
				SDKROOT = iphoneos;
				SWIFT_OPTIMIZATION_LEVEL = "-Onone";
			};
			name = Debug;
		};
		A22C29251940EB8700601226 /* Release */ = {
			isa = XCBuildConfiguration;
			buildSettings = {
				ALWAYS_SEARCH_USER_PATHS = NO;
				CLANG_CXX_LANGUAGE_STANDARD = "gnu++0x";
				CLANG_CXX_LIBRARY = "libc++";
				CLANG_ENABLE_MODULES = YES;
				CLANG_ENABLE_OBJC_ARC = YES;
				CLANG_WARN_BOOL_CONVERSION = YES;
				CLANG_WARN_CONSTANT_CONVERSION = YES;
				CLANG_WARN_DIRECT_OBJC_ISA_USAGE = YES_ERROR;
				CLANG_WARN_EMPTY_BODY = YES;
				CLANG_WARN_ENUM_CONVERSION = YES;
				CLANG_WARN_INT_CONVERSION = YES;
				CLANG_WARN_OBJC_ROOT_CLASS = YES_ERROR;
				CLANG_WARN_UNREACHABLE_CODE = YES;
				CLANG_WARN__DUPLICATE_METHOD_MATCH = YES;
				"CODE_SIGN_IDENTITY[sdk=iphoneos*]" = "iPhone Developer";
				COPY_PHASE_STRIP = YES;
				ENABLE_NS_ASSERTIONS = NO;
				ENABLE_STRICT_OBJC_MSGSEND = YES;
				GCC_C_LANGUAGE_STANDARD = gnu99;
				GCC_WARN_64_TO_32_BIT_CONVERSION = YES;
				GCC_WARN_ABOUT_RETURN_TYPE = YES_ERROR;
				GCC_WARN_UNDECLARED_SELECTOR = YES;
				GCC_WARN_UNINITIALIZED_AUTOS = YES_AGGRESSIVE;
				GCC_WARN_UNUSED_FUNCTION = YES;
				GCC_WARN_UNUSED_VARIABLE = YES;
				IPHONEOS_DEPLOYMENT_TARGET = 8.0;
				METAL_ENABLE_DEBUG_INFO = NO;
				SDKROOT = iphoneos;
				VALIDATE_PRODUCT = YES;
			};
			name = Release;
		};
		A22C29271940EB8700601226 /* Debug */ = {
			isa = XCBuildConfiguration;
			buildSettings = {
				ASSETCATALOG_COMPILER_APPICON_NAME = AppIcon;
				ASSETCATALOG_COMPILER_LAUNCHIMAGE_NAME = LaunchImage;
				INFOPLIST_FILE = "Swift-GithubToGo/Info.plist";
				LD_RUNPATH_SEARCH_PATHS = "$(inherited) @executable_path/Frameworks";
				PRODUCT_NAME = "$(TARGET_NAME)";
			};
			name = Debug;
		};
		A22C29281940EB8700601226 /* Release */ = {
			isa = XCBuildConfiguration;
			buildSettings = {
				ASSETCATALOG_COMPILER_APPICON_NAME = AppIcon;
				ASSETCATALOG_COMPILER_LAUNCHIMAGE_NAME = LaunchImage;
				INFOPLIST_FILE = "Swift-GithubToGo/Info.plist";
				LD_RUNPATH_SEARCH_PATHS = "$(inherited) @executable_path/Frameworks";
				PRODUCT_NAME = "$(TARGET_NAME)";
			};
			name = Release;
		};
		A22C292A1940EB8700601226 /* Debug */ = {
			isa = XCBuildConfiguration;
			buildSettings = {
				BUNDLE_LOADER = "$(BUILT_PRODUCTS_DIR)/Swift-GithubToGo.app/Swift-GithubToGo";
				FRAMEWORK_SEARCH_PATHS = (
					"$(SDKROOT)/Developer/Library/Frameworks",
					"$(inherited)",
				);
				GCC_PREPROCESSOR_DEFINITIONS = (
					"DEBUG=1",
					"$(inherited)",
				);
				INFOPLIST_FILE = "Swift-GithubToGoTests/Info.plist";
				LD_RUNPATH_SEARCH_PATHS = "$(inherited) @executable_path/Frameworks @loader_path/Frameworks";
				METAL_ENABLE_DEBUG_INFO = YES;
				PRODUCT_NAME = "$(TARGET_NAME)";
				TEST_HOST = "$(BUNDLE_LOADER)";
			};
			name = Debug;
		};
		A22C292B1940EB8700601226 /* Release */ = {
			isa = XCBuildConfiguration;
			buildSettings = {
				BUNDLE_LOADER = "$(BUILT_PRODUCTS_DIR)/Swift-GithubToGo.app/Swift-GithubToGo";
				FRAMEWORK_SEARCH_PATHS = (
					"$(SDKROOT)/Developer/Library/Frameworks",
					"$(inherited)",
				);
				INFOPLIST_FILE = "Swift-GithubToGoTests/Info.plist";
				LD_RUNPATH_SEARCH_PATHS = "$(inherited) @executable_path/Frameworks @loader_path/Frameworks";
				METAL_ENABLE_DEBUG_INFO = NO;
				PRODUCT_NAME = "$(TARGET_NAME)";
				TEST_HOST = "$(BUNDLE_LOADER)";
			};
			name = Release;
		};
/* End XCBuildConfiguration section */

/* Begin XCConfigurationList section */
		A22C29051940EB8700601226 /* Build configuration list for PBXProject "Swift-GithubToGo" */ = {
			isa = XCConfigurationList;
			buildConfigurations = (
				A22C29241940EB8700601226 /* Debug */,
				A22C29251940EB8700601226 /* Release */,
			);
			defaultConfigurationIsVisible = 0;
			defaultConfigurationName = Release;
		};
		A22C29261940EB8700601226 /* Build configuration list for PBXNativeTarget "Swift-GithubToGo" */ = {
			isa = XCConfigurationList;
			buildConfigurations = (
				A22C29271940EB8700601226 /* Debug */,
				A22C29281940EB8700601226 /* Release */,
			);
			defaultConfigurationIsVisible = 0;
			defaultConfigurationName = Release;
		};
		A22C29291940EB8700601226 /* Build configuration list for PBXNativeTarget "Swift-GithubToGoTests" */ = {
			isa = XCConfigurationList;
			buildConfigurations = (
				A22C292A1940EB8700601226 /* Debug */,
				A22C292B1940EB8700601226 /* Release */,
			);
			defaultConfigurationIsVisible = 0;
			defaultConfigurationName = Release;
		};
/* End XCConfigurationList section */
	};
	rootObject = A22C29021940EB8700601226 /* Project object */;
}
